{
    "_readme": [
        "This file locks the dependencies of your project to a known state",
        "Read more about it at https://getcomposer.org/doc/01-basic-usage.md#installing-dependencies",
        "This file is @generated automatically"
    ],
    "content-hash": "78d89bdcde0898d6bfc633b922ed9583",
    "packages": [
        {
            "name": "myclub/common-lib",
            "version": "1.0",
            "source": {
                "type": "git",
                "url": "https://github.com/myclub-se/myclub-php-lib.git",
                "reference": "e12d2412734a1a747ed5aab45c1171f6cb9ab296"
            },
            "dist": {
                "type": "zip",
                "url": "https://api.github.com/repos/myclub-se/myclub-php-lib/zipball/e12d2412734a1a747ed5aab45c1171f6cb9ab296",
                "reference": "e12d2412734a1a747ed5aab45c1171f6cb9ab296",
                "shasum": ""
            },
            "require": {
                "ext-json": "*",
                "php": ">=7.4"
            },
            "type": "library",
            "autoload": {
                "psr-4": {
                    "MyClub\\Common\\": "src/"
                }
            },
            "license": [
                "GPLv2 or later"
            ],
            "description": "Shared logic for MyClub WordPress plugins",
            "support": {
                "source": "https://github.com/myclub-se/myclub-php-lib/tree/1.0",
                "issues": "https://github.com/myclub-se/myclub-php-lib/issues"
            },
            "time": "2025-12-27T19:10:21+00:00"
        }
    ],
    "packages-dev": [],
    "aliases": [],
    "minimum-stability": "stable",
    "stability-flags": [],
    "prefer-stable": false,
    "prefer-lowest": false,
    "platform": {
        "ext-json": "*"
    },
    "platform-dev": [],
    "plugin-api-version": "2.6.0"
}
